// !$*UTF8*$!
{
	archiveVersion = 1;
	classes = {
	};
	objectVersion = 56;
	objects = {

/* Begin PBXBuildFile section */
		F410F6782C464A4D0056E73E /* InstaTypeCustomCell.swift in Sources */ = {isa = PBXBuildFile; fileRef = F410F6772C464A4D0056E73E /* InstaTypeCustomCell.swift */; };
		F410F6842C46C20A0056E73E /* ProfileViewController.swift in Sources */ = {isa = PBXBuildFile; fileRef = F410F6832C46C20A0056E73E /* ProfileViewController.swift */; };
		F410F6862C47A3CF0056E73E /* InstaTypeTabBarController.swift in Sources */ = {isa = PBXBuildFile; fileRef = F410F6852C47A3CF0056E73E /* InstaTypeTabBarController.swift */; };
		F410F68A2C481AAF0056E73E /* SingleImageViewController.swift in Sources */ = {isa = PBXBuildFile; fileRef = F410F6892C481AAF0056E73E /* SingleImageViewController.swift */; };
		F436D04A2C5248C400BCBE1E /* OAuth2Service.swift in Sources */ = {isa = PBXBuildFile; fileRef = F436D0492C5248C400BCBE1E /* OAuth2Service.swift */; };
		F443E3C22C4ABA1E005379A5 /* Constants.swift in Sources */ = {isa = PBXBuildFile; fileRef = F443E3C12C4ABA1E005379A5 /* Constants.swift */; };
		F45BDAA22C410D3000FDC4E5 /* AppDelegate.swift in Sources */ = {isa = PBXBuildFile; fileRef = F45BDAA12C410D3000FDC4E5 /* AppDelegate.swift */; };
		F45BDAA42C410D3000FDC4E5 /* SceneDelegate.swift in Sources */ = {isa = PBXBuildFile; fileRef = F45BDAA32C410D3000FDC4E5 /* SceneDelegate.swift */; };
		F45BDAA62C410D3000FDC4E5 /* InstaTypeViewController.swift in Sources */ = {isa = PBXBuildFile; fileRef = F45BDAA52C410D3000FDC4E5 /* InstaTypeViewController.swift */; };
		F45BDAAB2C410D3200FDC4E5 /* Assets.xcassets in Resources */ = {isa = PBXBuildFile; fileRef = F45BDAAA2C410D3200FDC4E5 /* Assets.xcassets */; };
		F45BDAAE2C410D3200FDC4E5 /* LaunchScreen.storyboard in Resources */ = {isa = PBXBuildFile; fileRef = F45BDAAC2C410D3200FDC4E5 /* LaunchScreen.storyboard */; };
		F48D6C1A2C6A351B0095DA54 /* ProgressHUD in Frameworks */ = {isa = PBXBuildFile; productRef = F48D6C192C6A351B0095DA54 /* ProgressHUD */; };
		F4A752F02C4CE42C002709E7 /* AuthViewController.swift in Sources */ = {isa = PBXBuildFile; fileRef = F4A752EF2C4CE42C002709E7 /* AuthViewController.swift */; };
		F4A752F32C4CE8C2002709E7 /* WebViewViewController.swift in Sources */ = {isa = PBXBuildFile; fileRef = F4A752F22C4CE8C2002709E7 /* WebViewViewController.swift */; };
		F4B33E702C6A8970001CA53D /* UIBlockingProgressHUD.swift in Sources */ = {isa = PBXBuildFile; fileRef = F4B33E6F2C6A8970001CA53D /* UIBlockingProgressHUD.swift */; };
		F4E1793B2C5385B7008AB274 /* SplashViewController.swift in Sources */ = {isa = PBXBuildFile; fileRef = F4E1793A2C5385B7008AB274 /* SplashViewController.swift */; };
		F4ED72022C5289B6005E0322 /* OAuthTokenResponseBody.swift in Sources */ = {isa = PBXBuildFile; fileRef = F4ED72012C5289B6005E0322 /* OAuthTokenResponseBody.swift */; };
/* End PBXBuildFile section */

/* Begin PBXFileReference section */
		F410F6772C464A4D0056E73E /* InstaTypeCustomCell.swift */ = {isa = PBXFileReference; lastKnownFileType = sourcecode.swift; path = InstaTypeCustomCell.swift; sourceTree = "<group>"; };
		F410F6832C46C20A0056E73E /* ProfileViewController.swift */ = {isa = PBXFileReference; lastKnownFileType = sourcecode.swift; path = ProfileViewController.swift; sourceTree = "<group>"; };
		F410F6852C47A3CF0056E73E /* InstaTypeTabBarController.swift */ = {isa = PBXFileReference; lastKnownFileType = sourcecode.swift; path = InstaTypeTabBarController.swift; sourceTree = "<group>"; };
		F410F6892C481AAF0056E73E /* SingleImageViewController.swift */ = {isa = PBXFileReference; lastKnownFileType = sourcecode.swift; path = SingleImageViewController.swift; sourceTree = "<group>"; };
		F436D0492C5248C400BCBE1E /* OAuth2Service.swift */ = {isa = PBXFileReference; lastKnownFileType = sourcecode.swift; path = OAuth2Service.swift; sourceTree = "<group>"; };
		F443E3C12C4ABA1E005379A5 /* Constants.swift */ = {isa = PBXFileReference; lastKnownFileType = sourcecode.swift; path = Constants.swift; sourceTree = "<group>"; };
		F45BDA9E2C410D3000FDC4E5 /* InstaType_PetProject.app */ = {isa = PBXFileReference; explicitFileType = wrapper.application; includeInIndex = 0; path = InstaType_PetProject.app; sourceTree = BUILT_PRODUCTS_DIR; };
		F45BDAA12C410D3000FDC4E5 /* AppDelegate.swift */ = {isa = PBXFileReference; lastKnownFileType = sourcecode.swift; path = AppDelegate.swift; sourceTree = "<group>"; };
		F45BDAA32C410D3000FDC4E5 /* SceneDelegate.swift */ = {isa = PBXFileReference; lastKnownFileType = sourcecode.swift; path = SceneDelegate.swift; sourceTree = "<group>"; };
		F45BDAA52C410D3000FDC4E5 /* InstaTypeViewController.swift */ = {isa = PBXFileReference; lastKnownFileType = sourcecode.swift; path = InstaTypeViewController.swift; sourceTree = "<group>"; };
		F45BDAAA2C410D3200FDC4E5 /* Assets.xcassets */ = {isa = PBXFileReference; lastKnownFileType = folder.assetcatalog; path = Assets.xcassets; sourceTree = "<group>"; };
		F45BDAAD2C410D3200FDC4E5 /* Base */ = {isa = PBXFileReference; lastKnownFileType = file.storyboard; name = Base; path = Base.lproj/LaunchScreen.storyboard; sourceTree = "<group>"; };
		F45BDAAF2C410D3200FDC4E5 /* Info.plist */ = {isa = PBXFileReference; lastKnownFileType = text.plist.xml; path = Info.plist; sourceTree = "<group>"; };
		F4A752EF2C4CE42C002709E7 /* AuthViewController.swift */ = {isa = PBXFileReference; lastKnownFileType = sourcecode.swift; path = AuthViewController.swift; sourceTree = "<group>"; };
		F4A752F22C4CE8C2002709E7 /* WebViewViewController.swift */ = {isa = PBXFileReference; lastKnownFileType = sourcecode.swift; path = WebViewViewController.swift; sourceTree = "<group>"; };
		F4B33E6F2C6A8970001CA53D /* UIBlockingProgressHUD.swift */ = {isa = PBXFileReference; lastKnownFileType = sourcecode.swift; path = UIBlockingProgressHUD.swift; sourceTree = "<group>"; };
		F4E1793A2C5385B7008AB274 /* SplashViewController.swift */ = {isa = PBXFileReference; lastKnownFileType = sourcecode.swift; path = SplashViewController.swift; sourceTree = "<group>"; };
		F4ED72012C5289B6005E0322 /* OAuthTokenResponseBody.swift */ = {isa = PBXFileReference; lastKnownFileType = sourcecode.swift; path = OAuthTokenResponseBody.swift; sourceTree = "<group>"; };
/* End PBXFileReference section */

/* Begin PBXFrameworksBuildPhase section */
		F45BDA9B2C410D3000FDC4E5 /* Frameworks */ = {
			isa = PBXFrameworksBuildPhase;
			buildActionMask = 2147483647;
			files = (
				F48D6C1A2C6A351B0095DA54 /* ProgressHUD in Frameworks */,
			);
			runOnlyForDeploymentPostprocessing = 0;
		};
/* End PBXFrameworksBuildPhase section */

/* Begin PBXGroup section */
		F410F6792C464C4B0056E73E /* InstaType */ = {
			isa = PBXGroup;
			children = (
				F4A752F12C4CE8A9002709E7 /* Auth */,
				F410F6852C47A3CF0056E73E /* InstaTypeTabBarController.swift */,
				F45BDAA52C410D3000FDC4E5 /* InstaTypeViewController.swift */,
				F410F6772C464A4D0056E73E /* InstaTypeCustomCell.swift */,
				F410F6832C46C20A0056E73E /* ProfileViewController.swift */,
				F410F6892C481AAF0056E73E /* SingleImageViewController.swift */,
				F443E3C12C4ABA1E005379A5 /* Constants.swift */,
				F4B33E6F2C6A8970001CA53D /* UIBlockingProgressHUD.swift */,
			);
			path = InstaType;
			sourceTree = "<group>";
		};
		F45BDA952C410D3000FDC4E5 = {
			isa = PBXGroup;
			children = (
				F45BDAA02C410D3000FDC4E5 /* InstaType_PetProject */,
				F45BDA9F2C410D3000FDC4E5 /* Products */,
			);
			sourceTree = "<group>";
		};
		F45BDA9F2C410D3000FDC4E5 /* Products */ = {
			isa = PBXGroup;
			children = (
				F45BDA9E2C410D3000FDC4E5 /* InstaType_PetProject.app */,
			);
			name = Products;
			sourceTree = "<group>";
		};
		F45BDAA02C410D3000FDC4E5 /* InstaType_PetProject */ = {
			isa = PBXGroup;
			children = (
				F410F6792C464C4B0056E73E /* InstaType */,
				F45BDAA12C410D3000FDC4E5 /* AppDelegate.swift */,
				F45BDAA32C410D3000FDC4E5 /* SceneDelegate.swift */,
				F45BDAAA2C410D3200FDC4E5 /* Assets.xcassets */,
				F45BDAAC2C410D3200FDC4E5 /* LaunchScreen.storyboard */,
				F45BDAAF2C410D3200FDC4E5 /* Info.plist */,
			);
			path = InstaType_PetProject;
			sourceTree = "<group>";
		};
		F4A752F12C4CE8A9002709E7 /* Auth */ = {
			isa = PBXGroup;
			children = (
				F4E1793A2C5385B7008AB274 /* SplashViewController.swift */,
				F4A752EF2C4CE42C002709E7 /* AuthViewController.swift */,
				F4A752F22C4CE8C2002709E7 /* WebViewViewController.swift */,
				F436D0492C5248C400BCBE1E /* OAuth2Service.swift */,
				F4ED72012C5289B6005E0322 /* OAuthTokenResponseBody.swift */,
			);
			path = Auth;
			sourceTree = "<group>";
		};
/* End PBXGroup section */

/* Begin PBXNativeTarget section */
		F45BDA9D2C410D3000FDC4E5 /* InstaType_PetProject */ = {
			isa = PBXNativeTarget;
			buildConfigurationList = F45BDAB22C410D3200FDC4E5 /* Build configuration list for PBXNativeTarget "InstaType_PetProject" */;
			buildPhases = (
				F45BDA9A2C410D3000FDC4E5 /* Sources */,
				F45BDA9B2C410D3000FDC4E5 /* Frameworks */,
				F45BDA9C2C410D3000FDC4E5 /* Resources */,
			);
			buildRules = (
			);
			dependencies = (
			);
			name = InstaType_PetProject;
			packageProductDependencies = (
				F48D6C192C6A351B0095DA54 /* ProgressHUD */,
			);
			productName = InstaType_PetProject;
			productReference = F45BDA9E2C410D3000FDC4E5 /* InstaType_PetProject.app */;
			productType = "com.apple.product-type.application";
		};
/* End PBXNativeTarget section */

/* Begin PBXProject section */
		F45BDA962C410D3000FDC4E5 /* Project object */ = {
			isa = PBXProject;
			attributes = {
				BuildIndependentTargetsInParallel = 1;
				LastSwiftUpdateCheck = 1510;
				LastUpgradeCheck = 1510;
				TargetAttributes = {
					F45BDA9D2C410D3000FDC4E5 = {
						CreatedOnToolsVersion = 15.1;
					};
				};
			};
			buildConfigurationList = F45BDA992C410D3000FDC4E5 /* Build configuration list for PBXProject "InstaType_PetProject" */;
			compatibilityVersion = "Xcode 14.0";
			developmentRegion = en;
			hasScannedForEncodings = 0;
			knownRegions = (
				en,
				Base,
			);
			mainGroup = F45BDA952C410D3000FDC4E5;
			packageReferences = (
				F48D6C182C6A351B0095DA54 /* XCRemoteSwiftPackageReference "ProgressHUD" */,
			);
			productRefGroup = F45BDA9F2C410D3000FDC4E5 /* Products */;
			projectDirPath = "";
			projectRoot = "";
			targets = (
				F45BDA9D2C410D3000FDC4E5 /* InstaType_PetProject */,
			);
		};
/* End PBXProject section */

/* Begin PBXResourcesBuildPhase section */
		F45BDA9C2C410D3000FDC4E5 /* Resources */ = {
			isa = PBXResourcesBuildPhase;
			buildActionMask = 2147483647;
			files = (
				F45BDAAE2C410D3200FDC4E5 /* LaunchScreen.storyboard in Resources */,
				F45BDAAB2C410D3200FDC4E5 /* Assets.xcassets in Resources */,
			);
			runOnlyForDeploymentPostprocessing = 0;
		};
/* End PBXResourcesBuildPhase section */

/* Begin PBXSourcesBuildPhase section */
		F45BDA9A2C410D3000FDC4E5 /* Sources */ = {
			isa = PBXSourcesBuildPhase;
			buildActionMask = 2147483647;
			files = (
				F4A752F32C4CE8C2002709E7 /* WebViewViewController.swift in Sources */,
				F410F6782C464A4D0056E73E /* InstaTypeCustomCell.swift in Sources */,
				F4ED72022C5289B6005E0322 /* OAuthTokenResponseBody.swift in Sources */,
				F410F6862C47A3CF0056E73E /* InstaTypeTabBarController.swift in Sources */,
				F45BDAA62C410D3000FDC4E5 /* InstaTypeViewController.swift in Sources */,
				F436D04A2C5248C400BCBE1E /* OAuth2Service.swift in Sources */,
				F410F68A2C481AAF0056E73E /* SingleImageViewController.swift in Sources */,
				F410F6842C46C20A0056E73E /* ProfileViewController.swift in Sources */,
				F45BDAA22C410D3000FDC4E5 /* AppDelegate.swift in Sources */,
				F4E1793B2C5385B7008AB274 /* SplashViewController.swift in Sources */,
				F45BDAA42C410D3000FDC4E5 /* SceneDelegate.swift in Sources */,
				F4A752F02C4CE42C002709E7 /* AuthViewController.swift in Sources */,
				F443E3C22C4ABA1E005379A5 /* Constants.swift in Sources */,
				F4B33E702C6A8970001CA53D /* UIBlockingProgressHUD.swift in Sources */,
			);
			runOnlyForDeploymentPostprocessing = 0;
		};
/* End PBXSourcesBuildPhase section */

/* Begin PBXVariantGroup section */
		F45BDAAC2C410D3200FDC4E5 /* LaunchScreen.storyboard */ = {
			isa = PBXVariantGroup;
			children = (
				F45BDAAD2C410D3200FDC4E5 /* Base */,
			);
			name = LaunchScreen.storyboard;
			sourceTree = "<group>";
		};
/* End PBXVariantGroup section */

/* Begin XCBuildConfiguration section */
		F45BDAB02C410D3200FDC4E5 /* Debug */ = {
			isa = XCBuildConfiguration;
			buildSettings = {
				ALWAYS_SEARCH_USER_PATHS = NO;
				ASSETCATALOG_COMPILER_GENERATE_SWIFT_ASSET_SYMBOL_EXTENSIONS = YES;
				CLANG_ANALYZER_NONNULL = YES;
				CLANG_ANALYZER_NUMBER_OBJECT_CONVERSION = YES_AGGRESSIVE;
				CLANG_CXX_LANGUAGE_STANDARD = "gnu++20";
				CLANG_ENABLE_MODULES = YES;
				CLANG_ENABLE_OBJC_ARC = YES;
				CLANG_ENABLE_OBJC_WEAK = YES;
				CLANG_WARN_BLOCK_CAPTURE_AUTORELEASING = YES;
				CLANG_WARN_BOOL_CONVERSION = YES;
				CLANG_WARN_COMMA = YES;
				CLANG_WARN_CONSTANT_CONVERSION = YES;
				CLANG_WARN_DEPRECATED_OBJC_IMPLEMENTATIONS = YES;
				CLANG_WARN_DIRECT_OBJC_ISA_USAGE = YES_ERROR;
				CLANG_WARN_DOCUMENTATION_COMMENTS = YES;
				CLANG_WARN_EMPTY_BODY = YES;
				CLANG_WARN_ENUM_CONVERSION = YES;
				CLANG_WARN_INFINITE_RECURSION = YES;
				CLANG_WARN_INT_CONVERSION = YES;
				CLANG_WARN_NON_LITERAL_NULL_CONVERSION = YES;
				CLANG_WARN_OBJC_IMPLICIT_RETAIN_SELF = YES;
				CLANG_WARN_OBJC_LITERAL_CONVERSION = YES;
				CLANG_WARN_OBJC_ROOT_CLASS = YES_ERROR;
				CLANG_WARN_QUOTED_INCLUDE_IN_FRAMEWORK_HEADER = YES;
				CLANG_WARN_RANGE_LOOP_ANALYSIS = YES;
				CLANG_WARN_STRICT_PROTOTYPES = YES;
				CLANG_WARN_SUSPICIOUS_MOVE = YES;
				CLANG_WARN_UNGUARDED_AVAILABILITY = YES_AGGRESSIVE;
				CLANG_WARN_UNREACHABLE_CODE = YES;
				CLANG_WARN__DUPLICATE_METHOD_MATCH = YES;
				COPY_PHASE_STRIP = NO;
				DEBUG_INFORMATION_FORMAT = dwarf;
				ENABLE_STRICT_OBJC_MSGSEND = YES;
				ENABLE_TESTABILITY = YES;
				ENABLE_USER_SCRIPT_SANDBOXING = YES;
				GCC_C_LANGUAGE_STANDARD = gnu17;
				GCC_DYNAMIC_NO_PIC = NO;
				GCC_NO_COMMON_BLOCKS = YES;
				GCC_OPTIMIZATION_LEVEL = 0;
				GCC_PREPROCESSOR_DEFINITIONS = (
					"DEBUG=1",
					"$(inherited)",
				);
				GCC_WARN_64_TO_32_BIT_CONVERSION = YES;
				GCC_WARN_ABOUT_RETURN_TYPE = YES_ERROR;
				GCC_WARN_UNDECLARED_SELECTOR = YES;
				GCC_WARN_UNINITIALIZED_AUTOS = YES_AGGRESSIVE;
				GCC_WARN_UNUSED_FUNCTION = YES;
				GCC_WARN_UNUSED_VARIABLE = YES;
				IPHONEOS_DEPLOYMENT_TARGET = 13.0;
				LOCALIZATION_PREFERS_STRING_CATALOGS = YES;
				MTL_ENABLE_DEBUG_INFO = INCLUDE_SOURCE;
				MTL_FAST_MATH = YES;
				ONLY_ACTIVE_ARCH = YES;
				SDKROOT = iphoneos;
				SWIFT_ACTIVE_COMPILATION_CONDITIONS = "DEBUG $(inherited)";
				SWIFT_OPTIMIZATION_LEVEL = "-Onone";
			};
			name = Debug;
		};
		F45BDAB12C410D3200FDC4E5 /* Release */ = {
			isa = XCBuildConfiguration;
			buildSettings = {
				ALWAYS_SEARCH_USER_PATHS = NO;
				ASSETCATALOG_COMPILER_GENERATE_SWIFT_ASSET_SYMBOL_EXTENSIONS = YES;
				CLANG_ANALYZER_NONNULL = YES;
				CLANG_ANALYZER_NUMBER_OBJECT_CONVERSION = YES_AGGRESSIVE;
				CLANG_CXX_LANGUAGE_STANDARD = "gnu++20";
				CLANG_ENABLE_MODULES = YES;
				CLANG_ENABLE_OBJC_ARC = YES;
				CLANG_ENABLE_OBJC_WEAK = YES;
				CLANG_WARN_BLOCK_CAPTURE_AUTORELEASING = YES;
				CLANG_WARN_BOOL_CONVERSION = YES;
				CLANG_WARN_COMMA = YES;
				CLANG_WARN_CONSTANT_CONVERSION = YES;
				CLANG_WARN_DEPRECATED_OBJC_IMPLEMENTATIONS = YES;
				CLANG_WARN_DIRECT_OBJC_ISA_USAGE = YES_ERROR;
				CLANG_WARN_DOCUMENTATION_COMMENTS = YES;
				CLANG_WARN_EMPTY_BODY = YES;
				CLANG_WARN_ENUM_CONVERSION = YES;
				CLANG_WARN_INFINITE_RECURSION = YES;
				CLANG_WARN_INT_CONVERSION = YES;
				CLANG_WARN_NON_LITERAL_NULL_CONVERSION = YES;
				CLANG_WARN_OBJC_IMPLICIT_RETAIN_SELF = YES;
				CLANG_WARN_OBJC_LITERAL_CONVERSION = YES;
				CLANG_WARN_OBJC_ROOT_CLASS = YES_ERROR;
				CLANG_WARN_QUOTED_INCLUDE_IN_FRAMEWORK_HEADER = YES;
				CLANG_WARN_RANGE_LOOP_ANALYSIS = YES;
				CLANG_WARN_STRICT_PROTOTYPES = YES;
				CLANG_WARN_SUSPICIOUS_MOVE = YES;
				CLANG_WARN_UNGUARDED_AVAILABILITY = YES_AGGRESSIVE;
				CLANG_WARN_UNREACHABLE_CODE = YES;
				CLANG_WARN__DUPLICATE_METHOD_MATCH = YES;
				COPY_PHASE_STRIP = NO;
				DEBUG_INFORMATION_FORMAT = "dwarf-with-dsym";
				ENABLE_NS_ASSERTIONS = NO;
				ENABLE_STRICT_OBJC_MSGSEND = YES;
				ENABLE_USER_SCRIPT_SANDBOXING = YES;
				GCC_C_LANGUAGE_STANDARD = gnu17;
				GCC_NO_COMMON_BLOCKS = YES;
				GCC_WARN_64_TO_32_BIT_CONVERSION = YES;
				GCC_WARN_ABOUT_RETURN_TYPE = YES_ERROR;
				GCC_WARN_UNDECLARED_SELECTOR = YES;
				GCC_WARN_UNINITIALIZED_AUTOS = YES_AGGRESSIVE;
				GCC_WARN_UNUSED_FUNCTION = YES;
				GCC_WARN_UNUSED_VARIABLE = YES;
				IPHONEOS_DEPLOYMENT_TARGET = 13.0;
				LOCALIZATION_PREFERS_STRING_CATALOGS = YES;
				MTL_ENABLE_DEBUG_INFO = NO;
				MTL_FAST_MATH = YES;
				SDKROOT = iphoneos;
				SWIFT_COMPILATION_MODE = wholemodule;
				VALIDATE_PRODUCT = YES;
			};
			name = Release;
		};
		F45BDAB32C410D3200FDC4E5 /* Debug */ = {
			isa = XCBuildConfiguration;
			buildSettings = {
				ASSETCATALOG_COMPILER_APPICON_NAME = AppIcon;
				ASSETCATALOG_COMPILER_GLOBAL_ACCENT_COLOR_NAME = AccentColor;
				CODE_SIGN_STYLE = Automatic;
				CURRENT_PROJECT_VERSION = 1;
				DEVELOPMENT_TEAM = 66QMN95M53;
				GENERATE_INFOPLIST_FILE = YES;
				INFOPLIST_FILE = InstaType_PetProject/Info.plist;
				INFOPLIST_KEY_UIApplicationSupportsIndirectInputEvents = YES;
				INFOPLIST_KEY_UILaunchStoryboardName = LaunchScreen;
				INFOPLIST_KEY_UISupportedInterfaceOrientations = UIInterfaceOrientationPortrait;
				INFOPLIST_KEY_UISupportedInterfaceOrientations_iPad = "UIInterfaceOrientationLandscapeLeft UIInterfaceOrientationLandscapeRight UIInterfaceOrientationPortrait UIInterfaceOrientationPortraitUpsideDown";
				IPHONEOS_DEPLOYMENT_TARGET = 13.0;
				LD_RUNPATH_SEARCH_PATHS = (
					"$(inherited)",
					"@executable_path/Frameworks",
				);
				MARKETING_VERSION = 1.0;
				PRODUCT_BUNDLE_IDENTIFIER = "com.BlanxxtyIS.InstaType-PetProject";
				PRODUCT_NAME = "$(TARGET_NAME)";
				SUPPORTED_PLATFORMS = "iphoneos iphonesimulator";
				SUPPORTS_MACCATALYST = NO;
				SUPPORTS_MAC_DESIGNED_FOR_IPHONE_IPAD = NO;
				SWIFT_EMIT_LOC_STRINGS = YES;
				SWIFT_VERSION = 5.0;
				TARGETED_DEVICE_FAMILY = 1;
			};
			name = Debug;
		};
		F45BDAB42C410D3200FDC4E5 /* Release */ = {
			isa = XCBuildConfiguration;
			buildSettings = {
				ASSETCATALOG_COMPILER_APPICON_NAME = AppIcon;
				ASSETCATALOG_COMPILER_GLOBAL_ACCENT_COLOR_NAME = AccentColor;
				CODE_SIGN_STYLE = Automatic;
				CURRENT_PROJECT_VERSION = 1;
				DEVELOPMENT_TEAM = 66QMN95M53;
				GENERATE_INFOPLIST_FILE = YES;
				INFOPLIST_FILE = InstaType_PetProject/Info.plist;
				INFOPLIST_KEY_UIApplicationSupportsIndirectInputEvents = YES;
				INFOPLIST_KEY_UILaunchStoryboardName = LaunchScreen;
				INFOPLIST_KEY_UISupportedInterfaceOrientations = UIInterfaceOrientationPortrait;
				INFOPLIST_KEY_UISupportedInterfaceOrientations_iPad = "UIInterfaceOrientationLandscapeLeft UIInterfaceOrientationLandscapeRight UIInterfaceOrientationPortrait UIInterfaceOrientationPortraitUpsideDown";
				IPHONEOS_DEPLOYMENT_TARGET = 13.0;
				LD_RUNPATH_SEARCH_PATHS = (
					"$(inherited)",
					"@executable_path/Frameworks",
				);
				MARKETING_VERSION = 1.0;
				PRODUCT_BUNDLE_IDENTIFIER = "com.BlanxxtyIS.InstaType-PetProject";
				PRODUCT_NAME = "$(TARGET_NAME)";
				SUPPORTED_PLATFORMS = "iphoneos iphonesimulator";
				SUPPORTS_MACCATALYST = NO;
				SUPPORTS_MAC_DESIGNED_FOR_IPHONE_IPAD = NO;
				SWIFT_EMIT_LOC_STRINGS = YES;
				SWIFT_VERSION = 5.0;
				TARGETED_DEVICE_FAMILY = 1;
			};
			name = Release;
		};
/* End XCBuildConfiguration section */

/* Begin XCConfigurationList section */
		F45BDA992C410D3000FDC4E5 /* Build configuration list for PBXProject "InstaType_PetProject" */ = {
			isa = XCConfigurationList;
			buildConfigurations = (
				F45BDAB02C410D3200FDC4E5 /* Debug */,
				F45BDAB12C410D3200FDC4E5 /* Release */,
			);
			defaultConfigurationIsVisible = 0;
			defaultConfigurationName = Release;
		};
		F45BDAB22C410D3200FDC4E5 /* Build configuration list for PBXNativeTarget "InstaType_PetProject" */ = {
			isa = XCConfigurationList;
			buildConfigurations = (
				F45BDAB32C410D3200FDC4E5 /* Debug */,
				F45BDAB42C410D3200FDC4E5 /* Release */,
			);
			defaultConfigurationIsVisible = 0;
			defaultConfigurationName = Release;
		};
/* End XCConfigurationList section */

/* Begin XCRemoteSwiftPackageReference section */
		F48D6C182C6A351B0095DA54 /* XCRemoteSwiftPackageReference "ProgressHUD" */ = {
			isa = XCRemoteSwiftPackageReference;
			repositoryURL = "https://github.com/relatedcode/ProgressHUD.git";
			requirement = {
				kind = upToNextMajorVersion;
				minimumVersion = 14.1.3;
			};
		};
/* End XCRemoteSwiftPackageReference section */

/* Begin XCSwiftPackageProductDependency section */
		F48D6C192C6A351B0095DA54 /* ProgressHUD */ = {
			isa = XCSwiftPackageProductDependency;
			package = F48D6C182C6A351B0095DA54 /* XCRemoteSwiftPackageReference "ProgressHUD" */;
			productName = ProgressHUD;
		};
/* End XCSwiftPackageProductDependency section */
	};
	rootObject = F45BDA962C410D3000FDC4E5 /* Project object */;
}
